
Microsoft Visual Studio Solution File, Format Version 12.00
# Visual Studio 2017
Project("{FAE04EC0-301F-11D3-BF4B-00C04F79EFBC}") = "2d test.Plugins", "2d test.Plugins.csproj", "{DD78F948-0A63-17F6-BE24-8CA67803EB4B}"
EndProject
Project("{FAE04EC0-301F-11D3-BF4B-00C04F79EFBC}") = "2d test", "2d test.csproj", "{6C7CD0A6-0779-006A-0CB7-E701E4EFBCCA}"
EndProject
Project("{FAE04EC0-301F-11D3-BF4B-00C04F79EFBC}") = "2d test.Editor.Plugins", "2d test.Editor.Plugins.csproj", "{B1259235-790E-0C65-CBF3-64344015E616}"
EndProject
Global
	GlobalSection(SolutionConfigurationPlatforms) = preSolution
		Debug|Any CPU = Debug|Any CPU
		Release|Any CPU = Release|Any CPU
	EndGlobalSection
	GlobalSection(ProjectConfigurationPlatforms) = postSolution
		{DD78F948-0A63-17F6-BE24-8CA67803EB4B}.Debug|Any CPU.ActiveCfg = Debug|Any CPU
		{DD78F948-0A63-17F6-BE24-8CA67803EB4B}.Debug|Any CPU.Build.0 = Debug|Any CPU
		{DD78F948-0A63-17F6-BE24-8CA67803EB4B}.Release|Any CPU.ActiveCfg = Release|Any CPU
		{DD78F948-0A63-17F6-BE24-8CA67803EB4B}.Release|Any CPU.Build.0 = Release|Any CPU
		{6C7CD0A6-0779-006A-0CB7-E701E4EFBCCA}.Debug|Any CPU.ActiveCfg = Debug|Any CPU
		{6C7CD0A6-0779-006A-0CB7-E701E4EFBCCA}.Debug|Any CPU.Build.0 = Debug|Any CPU
		{6C7CD0A6-0779-006A-0CB7-E701E4EFBCCA}.Release|Any CPU.ActiveCfg = Release|Any CPU
		{6C7CD0A6-0779-006A-0CB7-E701E4EFBCCA}.Release|Any CPU.Build.0 = Release|Any CPU
		{B1259235-790E-0C65-CBF3-64344015E616}.Debug|Any CPU.ActiveCfg = Debug|Any CPU
		{B1259235-790E-0C65-CBF3-64344015E616}.Debug|Any CPU.Build.0 = Debug|Any CPU
		{B1259235-790E-0C65-CBF3-64344015E616}.Release|Any CPU.ActiveCfg = Release|Any CPU
		{B1259235-790E-0C65-CBF3-64344015E616}.Release|Any CPU.Build.0 = Release|Any CPU
	EndGlobalSection
	GlobalSection(SolutionProperties) = preSolution
		HideSolutionNode = FALSE
	EndGlobalSection
EndGlobal
